
Microsoft Visual Studio Solution File, Format Version 12.00
# Visual Studio Version 17
VisualStudioVersion = 17.0.31903.59
MinimumVisualStudioVersion = 10.0.40219.1
Project("{2150E333-8FDC-42A3-9474-1A3956D46DE8}") = "Services", "Services", "{E93B2B50-F999-4001-AE35-2C8B9C01CBFE}"
EndProject
Project("{2150E333-8FDC-42A3-9474-1A3956D46DE8}") = "Iam", "Iam", "{572D24F2-5261-41F2-8379-14A2E3597F9E}"
EndProject
Project("{FAE04EC0-301F-11D3-BF4B-00C04F79EFBC}") = "Application", "Services\Iam\Application\Application.csproj", "{1C78F94F-7663-4229-9043-92E06F507673}"
EndProject
Project("{FAE04EC0-301F-11D3-BF4B-00C04F79EFBC}") = "Domain", "Services\Iam\Domain\Domain.csproj", "{FB0603DC-9BC7-4E96-B1FD-9AE57C4FF0FB}"
EndProject
Project("{FAE04EC0-301F-11D3-BF4B-00C04F79EFBC}") = "Infrastructure", "Services\Iam\Infrastructure\Infrastructure.csproj", "{9F0D9595-C6F3-44E0-ABFE-387F0F781F69}"
EndProject
Project("{FAE04EC0-301F-11D3-BF4B-00C04F79EFBC}") = "Web", "Services\Iam\Web\Web.csproj", "{B7C6F018-A8C8-4D4A-BC46-DD4C2478127B}"
EndProject
Project("{2150E333-8FDC-42A3-9474-1A3956D46DE8}") = "Collaborate", "Collaborate", "{055B70DD-00C8-4311-AEB9-F363197C67E7}"
EndProject
Project("{FAE04EC0-301F-11D3-BF4B-00C04F79EFBC}") = "Domain", "Services\Collaborate\Domain\Domain.csproj", "{A9D42ED3-2673-4C18-BDF5-53646ECA5CF8}"
EndProject
Project("{FAE04EC0-301F-11D3-BF4B-00C04F79EFBC}") = "Application", "Services\Collaborate\Application\Application.csproj", "{CC69FE56-5A34-479D-8FC2-9404D734C56B}"
EndProject
Project("{FAE04EC0-301F-11D3-BF4B-00C04F79EFBC}") = "Infrastructure", "Services\Collaborate\Infrastructure\Infrastructure.csproj", "{46FF31B0-A786-4DF1-8701-B716FA05838B}"
EndProject
Project("{FAE04EC0-301F-11D3-BF4B-00C04F79EFBC}") = "Web", "Services\Collaborate\Web\Web.csproj", "{F8ADB128-8E7C-4BA9-8DAE-6DDB525A7FAB}"
EndProject
Project("{2150E333-8FDC-42A3-9474-1A3956D46DE8}") = "Payments", "Payments", "{24CB1114-90DE-4F15-9EF6-73DA047901E1}"
EndProject
Project("{FAE04EC0-301F-11D3-BF4B-00C04F79EFBC}") = "Domain", "Services\Payments\Domain\Domain.csproj", "{03732CFF-1678-4B41-A0CB-FC30CA058BDF}"
EndProject
Project("{FAE04EC0-301F-11D3-BF4B-00C04F79EFBC}") = "Infrastructure", "Services\Payments\Infrastructure\Infrastructure.csproj", "{873AF28C-377E-47CE-AA84-8DB7F69A50F2}"
EndProject
Project("{FAE04EC0-301F-11D3-BF4B-00C04F79EFBC}") = "Application", "Services\Payments\Application\Application.csproj", "{B58F469E-50BE-410C-8B8D-79B5DCC2F6D9}"
EndProject
Project("{FAE04EC0-301F-11D3-BF4B-00C04F79EFBC}") = "Web", "Services\Payments\Web\Web.csproj", "{FC3624A7-18E1-4345-9FBB-1A376CEE12DB}"
EndProject
Project("{2150E333-8FDC-42A3-9474-1A3956D46DE8}") = "Tasks", "Tasks", "{DDDA0999-528D-492D-91FF-A1C513FD14DD}"
EndProject
Project("{FAE04EC0-301F-11D3-BF4B-00C04F79EFBC}") = "Domain", "Services\Tasks\Domain\Domain.csproj", "{8AF310B9-C481-4B16-8FD0-98F4F60EF756}"
EndProject
Project("{FAE04EC0-301F-11D3-BF4B-00C04F79EFBC}") = "Infrastructure", "Services\Tasks\Infrastructure\Infrastructure.csproj", "{723F0553-9085-4A9C-81CF-EEA33444B523}"
EndProject
Project("{FAE04EC0-301F-11D3-BF4B-00C04F79EFBC}") = "Application", "Services\Tasks\Application\Application.csproj", "{03E8CA6C-F401-4F2D-8CBF-1F3070945E38}"
EndProject
Project("{FAE04EC0-301F-11D3-BF4B-00C04F79EFBC}") = "Web", "Services\Tasks\Web\Web.csproj", "{38E82688-6F91-4420-AEF4-CB0C4015406E}"
EndProject
Project("{2150E333-8FDC-42A3-9474-1A3956D46DE8}") = "Profiles", "Profiles", "{9D17ED5A-FD90-4CFA-AD26-B83D68FAA3C7}"
EndProject
Project("{FAE04EC0-301F-11D3-BF4B-00C04F79EFBC}") = "Domain", "Services\Profiles\Domain\Domain.csproj", "{B1F19734-9CFD-4A15-9B66-EB5B53B485FB}"
EndProject
Project("{FAE04EC0-301F-11D3-BF4B-00C04F79EFBC}") = "Infrastructure", "Services\Profiles\Infrastructure\Infrastructure.csproj", "{25203215-531A-420C-82DD-59C1D5A2F28C}"
EndProject
Project("{FAE04EC0-301F-11D3-BF4B-00C04F79EFBC}") = "Application", "Services\Profiles\Application\Application.csproj", "{83A88DFF-26DD-4963-AD47-7EA0E75C66D2}"
EndProject
Project("{FAE04EC0-301F-11D3-BF4B-00C04F79EFBC}") = "Web", "Services\Profiles\Web\Web.csproj", "{C48D1870-6B48-435B-BEE8-FCF510226ED6}"
EndProject
Global
	GlobalSection(SolutionConfigurationPlatforms) = preSolution
		Debug|Any CPU = Debug|Any CPU
		Release|Any CPU = Release|Any CPU
	EndGlobalSection
	GlobalSection(SolutionProperties) = preSolution
		HideSolutionNode = FALSE
	EndGlobalSection
	GlobalSection(ProjectConfigurationPlatforms) = postSolution
		{1C78F94F-7663-4229-9043-92E06F507673}.Debug|Any CPU.ActiveCfg = Debug|Any CPU
		{1C78F94F-7663-4229-9043-92E06F507673}.Debug|Any CPU.Build.0 = Debug|Any CPU
		{1C78F94F-7663-4229-9043-92E06F507673}.Release|Any CPU.ActiveCfg = Release|Any CPU
		{1C78F94F-7663-4229-9043-92E06F507673}.Release|Any CPU.Build.0 = Release|Any CPU
		{FB0603DC-9BC7-4E96-B1FD-9AE57C4FF0FB}.Debug|Any CPU.ActiveCfg = Debug|Any CPU
		{FB0603DC-9BC7-4E96-B1FD-9AE57C4FF0FB}.Debug|Any CPU.Build.0 = Debug|Any CPU
		{FB0603DC-9BC7-4E96-B1FD-9AE57C4FF0FB}.Release|Any CPU.ActiveCfg = Release|Any CPU
		{FB0603DC-9BC7-4E96-B1FD-9AE57C4FF0FB}.Release|Any CPU.Build.0 = Release|Any CPU
		{9F0D9595-C6F3-44E0-ABFE-387F0F781F69}.Debug|Any CPU.ActiveCfg = Debug|Any CPU
		{9F0D9595-C6F3-44E0-ABFE-387F0F781F69}.Debug|Any CPU.Build.0 = Debug|Any CPU
		{9F0D9595-C6F3-44E0-ABFE-387F0F781F69}.Release|Any CPU.ActiveCfg = Release|Any CPU
		{9F0D9595-C6F3-44E0-ABFE-387F0F781F69}.Release|Any CPU.Build.0 = Release|Any CPU
		{B7C6F018-A8C8-4D4A-BC46-DD4C2478127B}.Debug|Any CPU.ActiveCfg = Debug|Any CPU
		{B7C6F018-A8C8-4D4A-BC46-DD4C2478127B}.Debug|Any CPU.Build.0 = Debug|Any CPU
		{B7C6F018-A8C8-4D4A-BC46-DD4C2478127B}.Release|Any CPU.ActiveCfg = Release|Any CPU
		{B7C6F018-A8C8-4D4A-BC46-DD4C2478127B}.Release|Any CPU.Build.0 = Release|Any CPU
		{A9D42ED3-2673-4C18-BDF5-53646ECA5CF8}.Debug|Any CPU.ActiveCfg = Debug|Any CPU
		{A9D42ED3-2673-4C18-BDF5-53646ECA5CF8}.Debug|Any CPU.Build.0 = Debug|Any CPU
		{A9D42ED3-2673-4C18-BDF5-53646ECA5CF8}.Release|Any CPU.ActiveCfg = Release|Any CPU
		{A9D42ED3-2673-4C18-BDF5-53646ECA5CF8}.Release|Any CPU.Build.0 = Release|Any CPU
		{CC69FE56-5A34-479D-8FC2-9404D734C56B}.Debug|Any CPU.ActiveCfg = Debug|Any CPU
		{CC69FE56-5A34-479D-8FC2-9404D734C56B}.Debug|Any CPU.Build.0 = Debug|Any CPU
		{CC69FE56-5A34-479D-8FC2-9404D734C56B}.Release|Any CPU.ActiveCfg = Release|Any CPU
		{CC69FE56-5A34-479D-8FC2-9404D734C56B}.Release|Any CPU.Build.0 = Release|Any CPU
		{46FF31B0-A786-4DF1-8701-B716FA05838B}.Debug|Any CPU.ActiveCfg = Debug|Any CPU
		{46FF31B0-A786-4DF1-8701-B716FA05838B}.Debug|Any CPU.Build.0 = Debug|Any CPU
		{46FF31B0-A786-4DF1-8701-B716FA05838B}.Release|Any CPU.ActiveCfg = Release|Any CPU
		{46FF31B0-A786-4DF1-8701-B716FA05838B}.Release|Any CPU.Build.0 = Release|Any CPU
		{F8ADB128-8E7C-4BA9-8DAE-6DDB525A7FAB}.Debug|Any CPU.ActiveCfg = Debug|Any CPU
		{F8ADB128-8E7C-4BA9-8DAE-6DDB525A7FAB}.Debug|Any CPU.Build.0 = Debug|Any CPU
		{F8ADB128-8E7C-4BA9-8DAE-6DDB525A7FAB}.Release|Any CPU.ActiveCfg = Release|Any CPU
		{F8ADB128-8E7C-4BA9-8DAE-6DDB525A7FAB}.Release|Any CPU.Build.0 = Release|Any CPU
		{03732CFF-1678-4B41-A0CB-FC30CA058BDF}.Debug|Any CPU.ActiveCfg = Debug|Any CPU
		{03732CFF-1678-4B41-A0CB-FC30CA058BDF}.Debug|Any CPU.Build.0 = Debug|Any CPU
		{03732CFF-1678-4B41-A0CB-FC30CA058BDF}.Release|Any CPU.ActiveCfg = Release|Any CPU
		{03732CFF-1678-4B41-A0CB-FC30CA058BDF}.Release|Any CPU.Build.0 = Release|Any CPU
		{873AF28C-377E-47CE-AA84-8DB7F69A50F2}.Debug|Any CPU.ActiveCfg = Debug|Any CPU
		{873AF28C-377E-47CE-AA84-8DB7F69A50F2}.Debug|Any CPU.Build.0 = Debug|Any CPU
		{873AF28C-377E-47CE-AA84-8DB7F69A50F2}.Release|Any CPU.ActiveCfg = Release|Any CPU
		{873AF28C-377E-47CE-AA84-8DB7F69A50F2}.Release|Any CPU.Build.0 = Release|Any CPU
		{B58F469E-50BE-410C-8B8D-79B5DCC2F6D9}.Debug|Any CPU.ActiveCfg = Debug|Any CPU
		{B58F469E-50BE-410C-8B8D-79B5DCC2F6D9}.Debug|Any CPU.Build.0 = Debug|Any CPU
		{B58F469E-50BE-410C-8B8D-79B5DCC2F6D9}.Release|Any CPU.ActiveCfg = Release|Any CPU
		{B58F469E-50BE-410C-8B8D-79B5DCC2F6D9}.Release|Any CPU.Build.0 = Release|Any CPU
		{FC3624A7-18E1-4345-9FBB-1A376CEE12DB}.Debug|Any CPU.ActiveCfg = Debug|Any CPU
		{FC3624A7-18E1-4345-9FBB-1A376CEE12DB}.Debug|Any CPU.Build.0 = Debug|Any CPU
		{FC3624A7-18E1-4345-9FBB-1A376CEE12DB}.Release|Any CPU.ActiveCfg = Release|Any CPU
		{FC3624A7-18E1-4345-9FBB-1A376CEE12DB}.Release|Any CPU.Build.0 = Release|Any CPU
		{8AF310B9-C481-4B16-8FD0-98F4F60EF756}.Debug|Any CPU.ActiveCfg = Debug|Any CPU
		{8AF310B9-C481-4B16-8FD0-98F4F60EF756}.Debug|Any CPU.Build.0 = Debug|Any CPU
		{8AF310B9-C481-4B16-8FD0-98F4F60EF756}.Release|Any CPU.ActiveCfg = Release|Any CPU
		{8AF310B9-C481-4B16-8FD0-98F4F60EF756}.Release|Any CPU.Build.0 = Release|Any CPU
		{723F0553-9085-4A9C-81CF-EEA33444B523}.Debug|Any CPU.ActiveCfg = Debug|Any CPU
		{723F0553-9085-4A9C-81CF-EEA33444B523}.Debug|Any CPU.Build.0 = Debug|Any CPU
		{723F0553-9085-4A9C-81CF-EEA33444B523}.Release|Any CPU.ActiveCfg = Release|Any CPU
		{723F0553-9085-4A9C-81CF-EEA33444B523}.Release|Any CPU.Build.0 = Release|Any CPU
		{03E8CA6C-F401-4F2D-8CBF-1F3070945E38}.Debug|Any CPU.ActiveCfg = Debug|Any CPU
		{03E8CA6C-F401-4F2D-8CBF-1F3070945E38}.Debug|Any CPU.Build.0 = Debug|Any CPU
		{03E8CA6C-F401-4F2D-8CBF-1F3070945E38}.Release|Any CPU.ActiveCfg = Release|Any CPU
		{03E8CA6C-F401-4F2D-8CBF-1F3070945E38}.Release|Any CPU.Build.0 = Release|Any CPU
		{38E82688-6F91-4420-AEF4-CB0C4015406E}.Debug|Any CPU.ActiveCfg = Debug|Any CPU
		{38E82688-6F91-4420-AEF4-CB0C4015406E}.Debug|Any CPU.Build.0 = Debug|Any CPU
		{38E82688-6F91-4420-AEF4-CB0C4015406E}.Release|Any CPU.ActiveCfg = Release|Any CPU
		{38E82688-6F91-4420-AEF4-CB0C4015406E}.Release|Any CPU.Build.0 = Release|Any CPU
		{B1F19734-9CFD-4A15-9B66-EB5B53B485FB}.Debug|Any CPU.ActiveCfg = Debug|Any CPU
		{B1F19734-9CFD-4A15-9B66-EB5B53B485FB}.Debug|Any CPU.Build.0 = Debug|Any CPU
		{B1F19734-9CFD-4A15-9B66-EB5B53B485FB}.Release|Any CPU.ActiveCfg = Release|Any CPU
		{B1F19734-9CFD-4A15-9B66-EB5B53B485FB}.Release|Any CPU.Build.0 = Release|Any CPU
		{25203215-531A-420C-82DD-59C1D5A2F28C}.Debug|Any CPU.ActiveCfg = Debug|Any CPU
		{25203215-531A-420C-82DD-59C1D5A2F28C}.Debug|Any CPU.Build.0 = Debug|Any CPU
		{25203215-531A-420C-82DD-59C1D5A2F28C}.Release|Any CPU.ActiveCfg = Release|Any CPU
		{25203215-531A-420C-82DD-59C1D5A2F28C}.Release|Any CPU.Build.0 = Release|Any CPU
		{83A88DFF-26DD-4963-AD47-7EA0E75C66D2}.Debug|Any CPU.ActiveCfg = Debug|Any CPU
		{83A88DFF-26DD-4963-AD47-7EA0E75C66D2}.Debug|Any CPU.Build.0 = Debug|Any CPU
		{83A88DFF-26DD-4963-AD47-7EA0E75C66D2}.Release|Any CPU.ActiveCfg = Release|Any CPU
		{83A88DFF-26DD-4963-AD47-7EA0E75C66D2}.Release|Any CPU.Build.0 = Release|Any CPU
		{C48D1870-6B48-435B-BEE8-FCF510226ED6}.Debug|Any CPU.ActiveCfg = Debug|Any CPU
		{C48D1870-6B48-435B-BEE8-FCF510226ED6}.Debug|Any CPU.Build.0 = Debug|Any CPU
		{C48D1870-6B48-435B-BEE8-FCF510226ED6}.Release|Any CPU.ActiveCfg = Release|Any CPU
		{C48D1870-6B48-435B-BEE8-FCF510226ED6}.Release|Any CPU.Build.0 = Release|Any CPU
	EndGlobalSection
	GlobalSection(NestedProjects) = preSolution
		{572D24F2-5261-41F2-8379-14A2E3597F9E} = {E93B2B50-F999-4001-AE35-2C8B9C01CBFE}
		{1C78F94F-7663-4229-9043-92E06F507673} = {572D24F2-5261-41F2-8379-14A2E3597F9E}
		{FB0603DC-9BC7-4E96-B1FD-9AE57C4FF0FB} = {572D24F2-5261-41F2-8379-14A2E3597F9E}
		{9F0D9595-C6F3-44E0-ABFE-387F0F781F69} = {572D24F2-5261-41F2-8379-14A2E3597F9E}
		{B7C6F018-A8C8-4D4A-BC46-DD4C2478127B} = {572D24F2-5261-41F2-8379-14A2E3597F9E}
		{055B70DD-00C8-4311-AEB9-F363197C67E7} = {E93B2B50-F999-4001-AE35-2C8B9C01CBFE}
		{A9D42ED3-2673-4C18-BDF5-53646ECA5CF8} = {055B70DD-00C8-4311-AEB9-F363197C67E7}
		{CC69FE56-5A34-479D-8FC2-9404D734C56B} = {055B70DD-00C8-4311-AEB9-F363197C67E7}
		{46FF31B0-A786-4DF1-8701-B716FA05838B} = {055B70DD-00C8-4311-AEB9-F363197C67E7}
		{F8ADB128-8E7C-4BA9-8DAE-6DDB525A7FAB} = {055B70DD-00C8-4311-AEB9-F363197C67E7}
		{24CB1114-90DE-4F15-9EF6-73DA047901E1} = {E93B2B50-F999-4001-AE35-2C8B9C01CBFE}
		{03732CFF-1678-4B41-A0CB-FC30CA058BDF} = {24CB1114-90DE-4F15-9EF6-73DA047901E1}
		{873AF28C-377E-47CE-AA84-8DB7F69A50F2} = {24CB1114-90DE-4F15-9EF6-73DA047901E1}
		{B58F469E-50BE-410C-8B8D-79B5DCC2F6D9} = {24CB1114-90DE-4F15-9EF6-73DA047901E1}
		{FC3624A7-18E1-4345-9FBB-1A376CEE12DB} = {24CB1114-90DE-4F15-9EF6-73DA047901E1}
		{DDDA0999-528D-492D-91FF-A1C513FD14DD} = {E93B2B50-F999-4001-AE35-2C8B9C01CBFE}
		{8AF310B9-C481-4B16-8FD0-98F4F60EF756} = {DDDA0999-528D-492D-91FF-A1C513FD14DD}
		{723F0553-9085-4A9C-81CF-EEA33444B523} = {DDDA0999-528D-492D-91FF-A1C513FD14DD}
		{03E8CA6C-F401-4F2D-8CBF-1F3070945E38} = {DDDA0999-528D-492D-91FF-A1C513FD14DD}
		{38E82688-6F91-4420-AEF4-CB0C4015406E} = {DDDA0999-528D-492D-91FF-A1C513FD14DD}
		{9D17ED5A-FD90-4CFA-AD26-B83D68FAA3C7} = {E93B2B50-F999-4001-AE35-2C8B9C01CBFE}
		{B1F19734-9CFD-4A15-9B66-EB5B53B485FB} = {9D17ED5A-FD90-4CFA-AD26-B83D68FAA3C7}
		{25203215-531A-420C-82DD-59C1D5A2F28C} = {9D17ED5A-FD90-4CFA-AD26-B83D68FAA3C7}
		{83A88DFF-26DD-4963-AD47-7EA0E75C66D2} = {9D17ED5A-FD90-4CFA-AD26-B83D68FAA3C7}
		{C48D1870-6B48-435B-BEE8-FCF510226ED6} = {9D17ED5A-FD90-4CFA-AD26-B83D68FAA3C7}
	EndGlobalSection
EndGlobal
